<?xml version="1.0" encoding="utf-8"?>
<Project ToolsVersion="4.0" xmlns="http://schemas.microsoft.com/developer/msbuild/2003">
  <ItemGroup>
    <Filter Include="Source Files">
      <UniqueIdentifier>{4FC737F1-C7A5-4376-A066-2A32D752A2FF}</UniqueIdentifier>
      <Extensions>cpp;c;cc;cxx;c++;cppm;ixx;def;odl;idl;hpj;bat;asm;asmx</Extensions>
    </Filter>
    <Filter Include="Header Files">
      <UniqueIdentifier>{93995380-89BD-4b04-88EB-625FBE52EBFB}</UniqueIdentifier>
      <Extensions>h;hh;hpp;hxx;h++;hm;inl;inc;ipp;xsd</Extensions>
    </Filter>
    <Filter Include="Resource Files">
      <UniqueIdentifier>{67DA6AB6-F800-4c08-8B7A-83BB121AAD01}</UniqueIdentifier>
      <Extensions>rc;ico;cur;bmp;dlg;rc2;rct;bin;rgs;gif;jpg;jpeg;jpe;resx;tiff;tif;png;wav;mfcribbon-ms</Extensions>
    </Filter>
    <Filter Include="shaders">
      <UniqueIdentifier>{b6cc04ed-ef6b-4691-b296-3775db7a625f}</UniqueIdentifier>
    </Filter>
    <Filter Include="shaders\fx">
      <UniqueIdentifier>{5d0ea943-b88d-46fa-92d9-104890e1b711}</UniqueIdentifier>
    </Filter>
    <Filter Include="shaders\accum">
      <UniqueIdentifier>{e636dcdb-0744-4c92-b5cd-e7575f310ebf}</UniqueIdentifier>
    </Filter>
    <Filter Include="shaders\compute">
      <UniqueIdentifier>{03472aef-d084-4131-a92c-27019f1006de}</UniqueIdentifier>
    </Filter>
    <Filter Include="shaders\gbuffer">
      <UniqueIdentifier>{b83a2319-e16d-4349-839a-954a1d07350e}</UniqueIdentifier>
    </Filter>
    <Filter Include="shaders\fwd">
      <UniqueIdentifier>{c9e0237e-07f0-47a6-9dcb-88702c55122c}</UniqueIdentifier>
    </Filter>
    <Filter Include="Header Files\old">
      <UniqueIdentifier>{905f64c4-ad01-4828-8431-e5544aea7eff}</UniqueIdentifier>
    </Filter>
    <Filter Include="Header Files\old\r2d">
      <UniqueIdentifier>{ac6c4642-e905-4e39-9820-1a6bea0f9702}</UniqueIdentifier>
    </Filter>
    <Filter Include="Header Files\old\r3d">
      <UniqueIdentifier>{9e5ca4f9-cf91-4f7b-8efb-b253f2ea5de7}</UniqueIdentifier>
    </Filter>
    <Filter Include="Header Files\old\utils">
      <UniqueIdentifier>{add3b8b4-bb5f-4c45-916d-23fc0e573ab7}</UniqueIdentifier>
    </Filter>
  </ItemGroup>
  <ItemGroup>
    <ClCompile Include="dllmain.cpp">
      <Filter>Source Files</Filter>
    </ClCompile>
    <ClCompile Include="imgui_impl_dx11.cpp">
      <Filter>Source Files</Filter>
    </ClCompile>
    <ClCompile Include="rgrenderimpl.cpp">
      <Filter>Source Files</Filter>
    </ClCompile>
    <ClCompile Include="resourcesimpl.cpp">
      <Filter>Source Files</Filter>
    </ClCompile>
    <ClCompile Include="commandsimpl.cpp">
      <Filter>Source Files</Filter>
    </ClCompile>
    <ClCompile Include="pipelineimpl.cpp">
      <Filter>Source Files</Filter>
    </ClCompile>
  </ItemGroup>
  <ItemGroup>
    <ClInclude Include="buffer.h">
      <Filter>Header Files\old\utils</Filter>
    </ClInclude>
    <ClInclude Include="gbuffer.h">
      <Filter>Header Files\old\r3d</Filter>
    </ClInclude>
    <ClInclude Include="lightpass.h">
      <Filter>Header Files\old\r3d</Filter>
    </ClInclude>
    <ClInclude Include="queue.h">
      <Filter>Header Files\old\utils</Filter>
    </ClInclude>
    <ClInclude Include="shader.h">
      <Filter>Header Files\old\utils</Filter>
    </ClInclude>
    <ClInclude Include="texture.h">
      <Filter>Header Files\old\utils</Filter>
    </ClInclude>
    <ClInclude Include="shadowbuffer.h">
      <Filter>Header Files\old\r3d</Filter>
    </ClInclude>
    <ClInclude Include="postprocess.h">
      <Filter>Header Files\old\r3d</Filter>
    </ClInclude>
    <ClInclude Include="loader.h">
      <Filter>Header Files\old\r3d</Filter>
    </ClInclude>
    <ClInclude Include="r3d.h">
      <Filter>Header Files\old\r3d</Filter>
    </ClInclude>
    <ClInclude Include="r2d.h">
      <Filter>Header Files\old\r2d</Filter>
    </ClInclude>
    <ClInclude Include="stack.h">
      <Filter>Header Files\old\utils</Filter>
    </ClInclude>
    <ClInclude Include="particlepass.h">
      <Filter>Header Files\old\r3d</Filter>
    </ClInclude>
    <ClInclude Include="particleemitters.h">
      <Filter>Header Files\old\r3d</Filter>
    </ClInclude>
    <ClInclude Include="dx11.h">
      <Filter>Header Files\old</Filter>
    </ClInclude>
    <ClInclude Include="rgrenderdx11.h">
      <Filter>Header Files\old</Filter>
    </ClInclude>
    <ClInclude Include="imgui_impl_dx11.h">
      <Filter>Header Files</Filter>
    </ClInclude>
    <ClInclude Include="rendertypesdx.h">
      <Filter>Header Files</Filter>
    </ClInclude>
  </ItemGroup>
  <ItemGroup>
    <None Include="..\resources\platform\shadersdx11\fx\aberration.ps">
      <Filter>shaders\fx</Filter>
    </None>
    <None Include="..\resources\platform\shadersdx11\fx\base.ps">
      <Filter>shaders\fx</Filter>
    </None>
    <None Include="..\resources\platform\shadersdx11\fx\base.vs">
      <Filter>shaders\fx</Filter>
    </None>
    <None Include="..\resources\platform\shadersdx11\fx\blur.ps">
      <Filter>shaders\fx</Filter>
    </None>
    <None Include="..\resources\platform\shadersdx11\fx\blurx.ps">
      <Filter>shaders\fx</Filter>
    </None>
    <None Include="..\resources\platform\shadersdx11\fx\blury.ps">
      <Filter>shaders\fx</Filter>
    </None>
    <None Include="..\resources\platform\shadersdx11\fx\contrast.ps">
      <Filter>shaders\fx</Filter>
    </None>
    <None Include="..\resources\platform\shadersdx11\fx\contrast_old.ps">
      <Filter>shaders\fx</Filter>
    </None>
    <None Include="..\resources\platform\shadersdx11\fx\empty.ps">
      <Filter>shaders\fx</Filter>
    </None>
    <None Include="..\resources\platform\shadersdx11\fx\godrays.ps">
      <Filter>shaders\fx</Filter>
    </None>
    <None Include="..\resources\platform\shadersdx11\fx\light.ps">
      <Filter>shaders\fx</Filter>
    </None>
    <None Include="..\resources\platform\shadersdx11\fx\mix.ps">
      <Filter>shaders\fx</Filter>
    </None>
    <None Include="..\resources\platform\shadersdx11\fx\reflection.ps">
      <Filter>shaders\fx</Filter>
    </None>
    <None Include="..\resources\platform\shadersdx11\fx\reflection.ps_">
      <Filter>shaders\fx</Filter>
    </None>
    <None Include="..\resources\platform\shadersdx11\fx\ssao.ps">
      <Filter>shaders\fx</Filter>
    </None>
    <None Include="..\resources\platform\shadersdx11\fx\tonemapping.ps">
      <Filter>shaders\fx</Filter>
    </None>
    <None Include="..\resources\platform\shadersdx11\fx\ssgi.ps">
      <Filter>shaders\fx</Filter>
    </None>
    <None Include="..\resources\platform\shadersdx11\accum_common.vs">
      <Filter>shaders\accum</Filter>
    </None>
    <None Include="..\resources\platform\shadersdx11\accum_global.ps">
      <Filter>shaders\accum</Filter>
    </None>
    <None Include="..\resources\platform\shadersdx11\accum_point.ps">
      <Filter>shaders\accum</Filter>
    </None>
    <None Include="..\resources\platform\shadersdx11\skeleton.cs">
      <Filter>shaders\compute</Filter>
    </None>
    <None Include="..\resources\platform\shadersdx11\gbuffer.vs">
      <Filter>shaders\gbuffer</Filter>
    </None>
    <None Include="..\resources\platform\shadersdx11\gbuffer_solid.ps">
      <Filter>shaders\gbuffer</Filter>
    </None>
    <None Include="..\resources\platform\shadersdx11\gbuffer_transparent.ps">
      <Filter>shaders\gbuffer</Filter>
    </None>
    <None Include="..\resources\platform\shadersdx11\bypass2d.ps">
      <Filter>shaders\fwd</Filter>
    </None>
    <None Include="..\resources\platform\shadersdx11\bypass2d.vs">
      <Filter>shaders\fwd</Filter>
    </None>
    <None Include="..\resources\platform\shadersdx11\main.ps">
      <Filter>shaders\fwd</Filter>
    </None>
    <None Include="..\resources\platform\shadersdx11\main.vs">
      <Filter>shaders\fwd</Filter>
    </None>
    <None Include="..\resources\platform\shadersdx11\particle.gs">
      <Filter>shaders\fwd</Filter>
    </None>
    <None Include="..\resources\platform\shadersdx11\particle.ps">
      <Filter>shaders\fwd</Filter>
    </None>
    <None Include="..\resources\platform\shadersdx11\particle.vs">
      <Filter>shaders\fwd</Filter>
    </None>
    <None Include="..\resources\platform\shadersdx11\r2d.ps">
      <Filter>shaders\fwd</Filter>
    </None>
    <None Include="..\resources\platform\shadersdx11\r2d.vs">
      <Filter>shaders\fwd</Filter>
    </None>
    <None Include="..\resources\platform\shadersdx11\shadow.ps">
      <Filter>shaders\fwd</Filter>
    </None>
    <None Include="..\resources\platform\shadersdx11\shadow.vs">
      <Filter>shaders\fwd</Filter>
    </None>
    <None Include="..\resources\platform\shadersdx11\skybox.vs">
      <Filter>shaders\gbuffer</Filter>
    </None>
    <None Include="..\resources\platform\shadersdx11\skybox.ps">
      <Filter>shaders\gbuffer</Filter>
    </None>
    <None Include="..\resources\platform\shadersdx11\skybox_cloud.ps">
      <Filter>shaders\gbuffer</Filter>
    </None>
  </ItemGroup>
</Project>