<?xml version="1.0" encoding="utf-8"?>
<Project ToolsVersion="4.0" xmlns="http://schemas.microsoft.com/developer/msbuild/2003">
  <ItemGroup>
    <Filter Include="Source Files">
      <UniqueIdentifier>{4FC737F1-C7A5-4376-A066-2A32D752A2FF}</UniqueIdentifier>
      <Extensions>cpp;c;cc;cxx;c++;cppm;ixx;def;odl;idl;hpj;bat;asm;asmx</Extensions>
    </Filter>
    <Filter Include="Header Files">
      <UniqueIdentifier>{93995380-89BD-4b04-88EB-625FBE52EBFB}</UniqueIdentifier>
      <Extensions>h;hh;hpp;hxx;h++;hm;inl;inc;ipp;xsd</Extensions>
    </Filter>
    <Filter Include="Resource Files">
      <UniqueIdentifier>{67DA6AB6-F800-4c08-8B7A-83BB121AAD01}</UniqueIdentifier>
      <Extensions>rc;ico;cur;bmp;dlg;rc2;rct;bin;rgs;gif;jpg;jpeg;jpe;resx;tiff;tif;png;wav;mfcribbon-ms</Extensions>
    </Filter>
    <Filter Include="Header Files\core">
      <UniqueIdentifier>{369232dd-7fb4-4dea-9cf6-ea938dc9d5cf}</UniqueIdentifier>
    </Filter>
    <Filter Include="Source Files\core">
      <UniqueIdentifier>{3925386d-42ec-4963-9486-34230babf9b5}</UniqueIdentifier>
    </Filter>
    <Filter Include="Header Files\render">
      <UniqueIdentifier>{21e2a7c9-9e90-42e0-9129-a5025cd84b68}</UniqueIdentifier>
    </Filter>
    <Filter Include="Header Files\math">
      <UniqueIdentifier>{06075040-e70f-47cb-8a1e-3b91b5a05f7c}</UniqueIdentifier>
    </Filter>
    <Filter Include="Source Files\math">
      <UniqueIdentifier>{8f77781f-f217-4d70-b894-7380063ad463}</UniqueIdentifier>
    </Filter>
    <Filter Include="Source Files\render">
      <UniqueIdentifier>{f8f43aa8-fa05-4caa-a1d8-d2da8e9b98af}</UniqueIdentifier>
    </Filter>
    <Filter Include="Header Files\world">
      <UniqueIdentifier>{c8baefd8-fe9c-49e3-be6c-b7755d1286da}</UniqueIdentifier>
    </Filter>
    <Filter Include="Source Files\world">
      <UniqueIdentifier>{493d5059-3c54-49f6-ae56-901f578c2d37}</UniqueIdentifier>
    </Filter>
    <Filter Include="Header Files\animation">
      <UniqueIdentifier>{9a973cdc-781f-42b4-8399-f56cf4070935}</UniqueIdentifier>
    </Filter>
    <Filter Include="Source Files\animation">
      <UniqueIdentifier>{25ac1b2e-88b7-4e83-9605-994faa94fb70}</UniqueIdentifier>
    </Filter>
    <Filter Include="Header Files\imgui">
      <UniqueIdentifier>{16ff8890-cfbf-4d74-9861-9a7c01be571f}</UniqueIdentifier>
    </Filter>
    <Filter Include="Source Files\imgui">
      <UniqueIdentifier>{723e7cef-16a6-44f5-b145-43fa591a0833}</UniqueIdentifier>
    </Filter>
  </ItemGroup>
  <ItemGroup>
    <ClCompile Include="engine.cpp">
      <Filter>Source Files</Filter>
    </ClCompile>
    <ClCompile Include="rgstring.cpp">
      <Filter>Source Files\core</Filter>
    </ClCompile>
    <ClCompile Include="logger.cpp">
      <Filter>Source Files\core</Filter>
    </ClCompile>
    <ClCompile Include="allocator.cpp">
      <Filter>Source Files\core</Filter>
    </ClCompile>
    <ClCompile Include="rgmath.cpp">
      <Filter>Source Files\math</Filter>
    </ClCompile>
    <ClCompile Include="rgmatrix.cpp">
      <Filter>Source Files\math</Filter>
    </ClCompile>
    <ClCompile Include="filesystem.cpp">
      <Filter>Source Files\core</Filter>
    </ClCompile>
    <ClCompile Include="profiler.cpp">
      <Filter>Source Files\core</Filter>
    </ClCompile>
    <ClCompile Include="window.cpp">
      <Filter>Source Files\render</Filter>
    </ClCompile>
    <ClCompile Include="timer.cpp">
      <Filter>Source Files\core</Filter>
    </ClCompile>
    <ClCompile Include="rgstb.cpp">
      <Filter>Source Files\core</Filter>
    </ClCompile>
    <ClCompile Include="event.cpp">
      <Filter>Source Files\core</Filter>
    </ClCompile>
    <ClCompile Include="input.cpp">
      <Filter>Source Files\core</Filter>
    </ClCompile>
    <ClCompile Include="render.cpp">
      <Filter>Source Files\render</Filter>
    </ClCompile>
    <ClCompile Include="dllmain.cpp">
      <Filter>Source Files</Filter>
    </ClCompile>
    <ClCompile Include="utf8.cpp">
      <Filter>Source Files\core</Filter>
    </ClCompile>
    <ClCompile Include="transform.cpp">
      <Filter>Source Files\world</Filter>
    </ClCompile>
    <ClCompile Include="uuid.cpp">
      <Filter>Source Files\core</Filter>
    </ClCompile>
    <ClCompile Include="entity.cpp">
      <Filter>Source Files\world</Filter>
    </ClCompile>
    <ClCompile Include="world.cpp">
      <Filter>Source Files\world</Filter>
    </ClCompile>
    <ClCompile Include="camera.cpp">
      <Filter>Source Files\render</Filter>
    </ClCompile>
    <ClCompile Include="modelsystem.cpp">
      <Filter>Source Files\render</Filter>
    </ClCompile>
    <ClCompile Include="pm2.cpp">
      <Filter>Source Files\core</Filter>
    </ClCompile>
    <ClCompile Include="pm2importer.cpp">
      <Filter>Source Files\render</Filter>
    </ClCompile>
    <ClCompile Include="animator.cpp">
      <Filter>Source Files\animation</Filter>
    </ClCompile>
    <ClCompile Include="kinematicsmodel.cpp">
      <Filter>Source Files\animation</Filter>
    </ClCompile>
    <ClCompile Include="animation.cpp">
      <Filter>Source Files\animation</Filter>
    </ClCompile>
    <ClCompile Include="lightsystem.cpp">
      <Filter>Source Files\render</Filter>
    </ClCompile>
    <ClCompile Include="imgui\imgui.cpp">
      <Filter>Source Files\imgui</Filter>
    </ClCompile>
    <ClCompile Include="imgui\imgui_draw.cpp">
      <Filter>Source Files\imgui</Filter>
    </ClCompile>
    <ClCompile Include="imgui\imgui_impl_sdl2.cpp">
      <Filter>Source Files\imgui</Filter>
    </ClCompile>
    <ClCompile Include="imgui\imgui_neo_internal.cpp">
      <Filter>Source Files\imgui</Filter>
    </ClCompile>
    <ClCompile Include="imgui\imgui_neo_sequencer.cpp">
      <Filter>Source Files\imgui</Filter>
    </ClCompile>
    <ClCompile Include="imgui\imgui_tables.cpp">
      <Filter>Source Files\imgui</Filter>
    </ClCompile>
    <ClCompile Include="imgui\imgui_widgets.cpp">
      <Filter>Source Files\imgui</Filter>
    </ClCompile>
    <ClCompile Include="imgui\ImGuizmo.cpp">
      <Filter>Source Files\imgui</Filter>
    </ClCompile>
  </ItemGroup>
  <ItemGroup>
    <ClInclude Include="rgtypes.h">
      <Filter>Header Files\core</Filter>
    </ClInclude>
    <ClInclude Include="engine.h">
      <Filter>Header Files</Filter>
    </ClInclude>
    <ClInclude Include="rshared.h">
      <Filter>Header Files\render</Filter>
    </ClInclude>
    <ClInclude Include="rgstring.h">
      <Filter>Header Files\core</Filter>
    </ClInclude>
    <ClInclude Include="logger.h">
      <Filter>Header Files\core</Filter>
    </ClInclude>
    <ClInclude Include="allocator.h">
      <Filter>Header Files\core</Filter>
    </ClInclude>
    <ClInclude Include="filesystem.h">
      <Filter>Header Files\core</Filter>
    </ClInclude>
    <ClInclude Include="rgmath.h">
      <Filter>Header Files\math</Filter>
    </ClInclude>
    <ClInclude Include="rgvector.h">
      <Filter>Header Files\math</Filter>
    </ClInclude>
    <ClInclude Include="rgmatrix.h">
      <Filter>Header Files\math</Filter>
    </ClInclude>
    <ClInclude Include="profiler.h">
      <Filter>Header Files\core</Filter>
    </ClInclude>
    <ClInclude Include="window.h">
      <Filter>Header Files\render</Filter>
    </ClInclude>
    <ClInclude Include="timer.h">
      <Filter>Header Files\core</Filter>
    </ClInclude>
    <ClInclude Include="rgstb.h">
      <Filter>Header Files\core</Filter>
    </ClInclude>
    <ClInclude Include="event.h">
      <Filter>Header Files\core</Filter>
    </ClInclude>
    <ClInclude Include="input.h">
      <Filter>Header Files\core</Filter>
    </ClInclude>
    <ClInclude Include="render.h">
      <Filter>Header Files\render</Filter>
    </ClInclude>
    <ClInclude Include="rendertypes.h">
      <Filter>Header Files\render</Filter>
    </ClInclude>
    <ClInclude Include="utf8.h">
      <Filter>Header Files\core</Filter>
    </ClInclude>
    <ClInclude Include="transform.h">
      <Filter>Header Files\world</Filter>
    </ClInclude>
    <ClInclude Include="entity.h">
      <Filter>Header Files\world</Filter>
    </ClInclude>
    <ClInclude Include="uuid.h">
      <Filter>Header Files\core</Filter>
    </ClInclude>
    <ClInclude Include="camera.h">
      <Filter>Header Files\render</Filter>
    </ClInclude>
    <ClInclude Include="world.h">
      <Filter>Header Files\world</Filter>
    </ClInclude>
    <ClInclude Include="modelsystem.h">
      <Filter>Header Files\render</Filter>
    </ClInclude>
    <ClInclude Include="pm2.h">
      <Filter>Header Files\core</Filter>
    </ClInclude>
    <ClInclude Include="pm2importer.h">
      <Filter>Header Files\render</Filter>
    </ClInclude>
    <ClInclude Include="kinematicsmodel.h">
      <Filter>Header Files\animation</Filter>
    </ClInclude>
    <ClInclude Include="animator.h">
      <Filter>Header Files\animation</Filter>
    </ClInclude>
    <ClInclude Include="animation.h">
      <Filter>Header Files\animation</Filter>
    </ClInclude>
    <ClInclude Include="resource.h">
      <Filter>Header Files</Filter>
    </ClInclude>
    <ClInclude Include="lightsystem.h">
      <Filter>Header Files\render</Filter>
    </ClInclude>
    <ClInclude Include="imgui\imconfig.h">
      <Filter>Header Files\imgui</Filter>
    </ClInclude>
    <ClInclude Include="imgui\imgui.h">
      <Filter>Header Files\imgui</Filter>
    </ClInclude>
    <ClInclude Include="imgui\imgui_impl_sdl2.h">
      <Filter>Header Files\imgui</Filter>
    </ClInclude>
    <ClInclude Include="imgui\imgui_neo_internal.h">
      <Filter>Header Files\imgui</Filter>
    </ClInclude>
    <ClInclude Include="imgui\imgui_neo_sequencer.h">
      <Filter>Header Files\imgui</Filter>
    </ClInclude>
    <ClInclude Include="imgui\ImGuizmo.h">
      <Filter>Header Files\imgui</Filter>
    </ClInclude>
    <ClInclude Include="imgui\imstb_rectpack.h">
      <Filter>Header Files\imgui</Filter>
    </ClInclude>
    <ClInclude Include="imgui\imstb_textedit.h">
      <Filter>Header Files\imgui</Filter>
    </ClInclude>
    <ClInclude Include="imgui\imstb_truetype.h">
      <Filter>Header Files\imgui</Filter>
    </ClInclude>
    <ClInclude Include="imgui\imgui_internal.h">
      <Filter>Header Files\imgui</Filter>
    </ClInclude>
    <ClInclude Include="rgentrypoint.h">
      <Filter>Header Files</Filter>
    </ClInclude>
  </ItemGroup>
  <ItemGroup>
    <ResourceCompile Include="rgengine.rc">
      <Filter>Resource Files</Filter>
    </ResourceCompile>
  </ItemGroup>
  <ItemGroup>
    <Image Include="icon1.ico">
      <Filter>Resource Files</Filter>
    </Image>
    <Image Include="..\resources\platform\icon.png">
      <Filter>Resource Files</Filter>
    </Image>
  </ItemGroup>
</Project>